
Microsoft Visual Studio Solution File, Format Version 12.00
# Visual Studio Version 17
VisualStudioVersion = 17.0.31903.59
MinimumVisualStudioVersion = 10.0.40219.1
Project("{FAE04EC0-301F-11D3-BF4B-00C04F79EFBC}") = "MainApp", "MainApp\MainApp.csproj", "{E81F81AD-7DCC-4B05-B557-36E39E7CF34D}"
EndProject
Project("{FAE04EC0-301F-11D3-BF4B-00C04F79EFBC}") = "Infrastructure", "Infrastructure\Infrastructure.csproj", "{8D706626-2B24-4CE8-BF26-49526A7E35A1}"
EndProject
Project("{FAE04EC0-301F-11D3-BF4B-00C04F79EFBC}") = "Domain", "Domain\Domain.csproj", "{D68998DB-95F7-4C32-9C6A-71A2545F70C3}"
EndProject
Global
	GlobalSection(SolutionConfigurationPlatforms) = preSolution
		Debug|Any CPU = Debug|Any CPU
		Release|Any CPU = Release|Any CPU
	EndGlobalSection
	GlobalSection(SolutionProperties) = preSolution
		HideSolutionNode = FALSE
	EndGlobalSection
	GlobalSection(ProjectConfigurationPlatforms) = postSolution
		{E81F81AD-7DCC-4B05-B557-36E39E7CF34D}.Debug|Any CPU.ActiveCfg = Debug|Any CPU
		{E81F81AD-7DCC-4B05-B557-36E39E7CF34D}.Debug|Any CPU.Build.0 = Debug|Any CPU
		{E81F81AD-7DCC-4B05-B557-36E39E7CF34D}.Release|Any CPU.ActiveCfg = Release|Any CPU
		{E81F81AD-7DCC-4B05-B557-36E39E7CF34D}.Release|Any CPU.Build.0 = Release|Any CPU
		{8D706626-2B24-4CE8-BF26-49526A7E35A1}.Debug|Any CPU.ActiveCfg = Debug|Any CPU
		{8D706626-2B24-4CE8-BF26-49526A7E35A1}.Debug|Any CPU.Build.0 = Debug|Any CPU
		{8D706626-2B24-4CE8-BF26-49526A7E35A1}.Release|Any CPU.ActiveCfg = Release|Any CPU
		{8D706626-2B24-4CE8-BF26-49526A7E35A1}.Release|Any CPU.Build.0 = Release|Any CPU
		{D68998DB-95F7-4C32-9C6A-71A2545F70C3}.Debug|Any CPU.ActiveCfg = Debug|Any CPU
		{D68998DB-95F7-4C32-9C6A-71A2545F70C3}.Debug|Any CPU.Build.0 = Debug|Any CPU
		{D68998DB-95F7-4C32-9C6A-71A2545F70C3}.Release|Any CPU.ActiveCfg = Release|Any CPU
		{D68998DB-95F7-4C32-9C6A-71A2545F70C3}.Release|Any CPU.Build.0 = Release|Any CPU
	EndGlobalSection
EndGlobal
